// !$*UTF8*$!
{
	archiveVersion = 1;
	classes = {
	};
	objectVersion = 56;
	objects = {

/* Begin PBXBuildFile section */
		C63EAEAA2962E4B000AA9EF5 /* AppDelegate.swift in Sources */ = {isa = PBXBuildFile; fileRef = C63EAEA92962E4B000AA9EF5 /* AppDelegate.swift */; };
		C63EAEAC2962E4B000AA9EF5 /* SceneDelegate.swift in Sources */ = {isa = PBXBuildFile; fileRef = C63EAEAB2962E4B000AA9EF5 /* SceneDelegate.swift */; };
		C63EAEAE2962E4B000AA9EF5 /* MainScreenViewController.swift in Sources */ = {isa = PBXBuildFile; fileRef = C63EAEAD2962E4B000AA9EF5 /* MainScreenViewController.swift */; };
		C63EAEB32962E4B100AA9EF5 /* Assets.xcassets in Resources */ = {isa = PBXBuildFile; fileRef = C63EAEB22962E4B100AA9EF5 /* Assets.xcassets */; };
		C63EAEB62962E4B100AA9EF5 /* LaunchScreen.storyboard in Resources */ = {isa = PBXBuildFile; fileRef = C63EAEB42962E4B100AA9EF5 /* LaunchScreen.storyboard */; };
		C63EAEBE2962EDE000AA9EF5 /* extension + UIButton.swift in Sources */ = {isa = PBXBuildFile; fileRef = C63EAEBD2962EDE000AA9EF5 /* extension + UIButton.swift */; };
		C63EAEC229630E4200AA9EF5 /* SpringAnimation in Frameworks */ = {isa = PBXBuildFile; productRef = C63EAEC129630E4200AA9EF5 /* SpringAnimation */; };
		C6DDD1FE2968B42B00EC801E /* HollyDaysViewController.swift in Sources */ = {isa = PBXBuildFile; fileRef = C6DDD1FD2968B42B00EC801E /* HollyDaysViewController.swift */; };
		C6DDD2012968D08800EC801E /* DataForDays.swift in Sources */ = {isa = PBXBuildFile; fileRef = C6DDD2002968D08800EC801E /* DataForDays.swift */; };
		C6DDD2032968D88C00EC801E /* ExpandableHeaderView.swift in Sources */ = {isa = PBXBuildFile; fileRef = C6DDD2022968D88C00EC801E /* ExpandableHeaderView.swift */; };
/* End PBXBuildFile section */

/* Begin PBXFileReference section */
		C63EAEA62962E4B000AA9EF5 /* HollyApp.app */ = {isa = PBXFileReference; explicitFileType = wrapper.application; includeInIndex = 0; path = HollyApp.app; sourceTree = BUILT_PRODUCTS_DIR; };
		C63EAEA92962E4B000AA9EF5 /* AppDelegate.swift */ = {isa = PBXFileReference; lastKnownFileType = sourcecode.swift; path = AppDelegate.swift; sourceTree = "<group>"; };
		C63EAEAB2962E4B000AA9EF5 /* SceneDelegate.swift */ = {isa = PBXFileReference; lastKnownFileType = sourcecode.swift; path = SceneDelegate.swift; sourceTree = "<group>"; };
		C63EAEAD2962E4B000AA9EF5 /* MainScreenViewController.swift */ = {isa = PBXFileReference; lastKnownFileType = sourcecode.swift; path = MainScreenViewController.swift; sourceTree = "<group>"; };
		C63EAEB22962E4B100AA9EF5 /* Assets.xcassets */ = {isa = PBXFileReference; lastKnownFileType = folder.assetcatalog; path = Assets.xcassets; sourceTree = "<group>"; };
		C63EAEB52962E4B100AA9EF5 /* Base */ = {isa = PBXFileReference; lastKnownFileType = file.storyboard; name = Base; path = Base.lproj/LaunchScreen.storyboard; sourceTree = "<group>"; };
		C63EAEB72962E4B100AA9EF5 /* Info.plist */ = {isa = PBXFileReference; lastKnownFileType = text.plist.xml; path = Info.plist; sourceTree = "<group>"; };
		C63EAEBD2962EDE000AA9EF5 /* extension + UIButton.swift */ = {isa = PBXFileReference; lastKnownFileType = sourcecode.swift; path = "extension + UIButton.swift"; sourceTree = "<group>"; };
		C6DDD1FD2968B42B00EC801E /* HollyDaysViewController.swift */ = {isa = PBXFileReference; lastKnownFileType = sourcecode.swift; path = HollyDaysViewController.swift; sourceTree = "<group>"; };
		C6DDD2002968D08800EC801E /* DataForDays.swift */ = {isa = PBXFileReference; lastKnownFileType = sourcecode.swift; path = DataForDays.swift; sourceTree = "<group>"; };
		C6DDD2022968D88C00EC801E /* ExpandableHeaderView.swift */ = {isa = PBXFileReference; lastKnownFileType = sourcecode.swift; path = ExpandableHeaderView.swift; sourceTree = "<group>"; };
/* End PBXFileReference section */

/* Begin PBXFrameworksBuildPhase section */
		C63EAEA32962E4B000AA9EF5 /* Frameworks */ = {
			isa = PBXFrameworksBuildPhase;
			buildActionMask = 2147483647;
			files = (
				C63EAEC229630E4200AA9EF5 /* SpringAnimation in Frameworks */,
			);
			runOnlyForDeploymentPostprocessing = 0;
		};
/* End PBXFrameworksBuildPhase section */

/* Begin PBXGroup section */
		C63EAE9D2962E4B000AA9EF5 = {
			isa = PBXGroup;
			children = (
				C63EAEA82962E4B000AA9EF5 /* HollyApp */,
				C63EAEA72962E4B000AA9EF5 /* Products */,
			);
			sourceTree = "<group>";
		};
		C63EAEA72962E4B000AA9EF5 /* Products */ = {
			isa = PBXGroup;
			children = (
				C63EAEA62962E4B000AA9EF5 /* HollyApp.app */,
			);
			name = Products;
			sourceTree = "<group>";
		};
		C63EAEA82962E4B000AA9EF5 /* HollyApp */ = {
			isa = PBXGroup;
			children = (
				C63EAEA92962E4B000AA9EF5 /* AppDelegate.swift */,
				C63EAEAB2962E4B000AA9EF5 /* SceneDelegate.swift */,
				C6DDD1FF2968B44800EC801E /* VC's */,
				C63EAEBF2962EDE500AA9EF5 /* extensions */,
				C63EAEB22962E4B100AA9EF5 /* Assets.xcassets */,
				C6DDD2002968D08800EC801E /* DataForDays.swift */,
				C6DDD2022968D88C00EC801E /* ExpandableHeaderView.swift */,
				C63EAEB42962E4B100AA9EF5 /* LaunchScreen.storyboard */,
				C63EAEB72962E4B100AA9EF5 /* Info.plist */,
			);
			path = HollyApp;
			sourceTree = "<group>";
		};
		C63EAEBF2962EDE500AA9EF5 /* extensions */ = {
			isa = PBXGroup;
			children = (
				C63EAEBD2962EDE000AA9EF5 /* extension + UIButton.swift */,
			);
			name = extensions;
			path = ..;
			sourceTree = "<group>";
		};
		C6DDD1FF2968B44800EC801E /* VC's */ = {
			isa = PBXGroup;
			children = (
				C63EAEAD2962E4B000AA9EF5 /* MainScreenViewController.swift */,
				C6DDD1FD2968B42B00EC801E /* HollyDaysViewController.swift */,
			);
			path = "VC's";
			sourceTree = "<group>";
		};
/* End PBXGroup section */

/* Begin PBXNativeTarget section */
		C63EAEA52962E4B000AA9EF5 /* HollyApp */ = {
			isa = PBXNativeTarget;
			buildConfigurationList = C63EAEBA2962E4B100AA9EF5 /* Build configuration list for PBXNativeTarget "HollyApp" */;
			buildPhases = (
				C63EAEA22962E4B000AA9EF5 /* Sources */,
				C63EAEA32962E4B000AA9EF5 /* Frameworks */,
				C63EAEA42962E4B000AA9EF5 /* Resources */,
			);
			buildRules = (
			);
			dependencies = (
			);
			name = HollyApp;
			packageProductDependencies = (
				C63EAEC129630E4200AA9EF5 /* SpringAnimation */,
			);
			productName = HollyApp;
			productReference = C63EAEA62962E4B000AA9EF5 /* HollyApp.app */;
			productType = "com.apple.product-type.application";
		};
/* End PBXNativeTarget section */

/* Begin PBXProject section */
		C63EAE9E2962E4B000AA9EF5 /* Project object */ = {
			isa = PBXProject;
			attributes = {
				BuildIndependentTargetsInParallel = 1;
				LastSwiftUpdateCheck = 1400;
				LastUpgradeCheck = 1400;
				TargetAttributes = {
					C63EAEA52962E4B000AA9EF5 = {
						CreatedOnToolsVersion = 14.0.1;
					};
				};
			};
			buildConfigurationList = C63EAEA12962E4B000AA9EF5 /* Build configuration list for PBXProject "HollyApp" */;
			compatibilityVersion = "Xcode 14.0";
			developmentRegion = en;
			hasScannedForEncodings = 0;
			knownRegions = (
				en,
				Base,
			);
			mainGroup = C63EAE9D2962E4B000AA9EF5;
			packageReferences = (
				C63EAEC029630E4200AA9EF5 /* XCRemoteSwiftPackageReference "SpringAnimation" */,
			);
			productRefGroup = C63EAEA72962E4B000AA9EF5 /* Products */;
			projectDirPath = "";
			projectRoot = "";
			targets = (
				C63EAEA52962E4B000AA9EF5 /* HollyApp */,
			);
		};
/* End PBXProject section */

/* Begin PBXResourcesBuildPhase section */
		C63EAEA42962E4B000AA9EF5 /* Resources */ = {
			isa = PBXResourcesBuildPhase;
			buildActionMask = 2147483647;
			files = (
				C63EAEB62962E4B100AA9EF5 /* LaunchScreen.storyboard in Resources */,
				C63EAEB32962E4B100AA9EF5 /* Assets.xcassets in Resources */,
			);
			runOnlyForDeploymentPostprocessing = 0;
		};
/* End PBXResourcesBuildPhase section */

/* Begin PBXSourcesBuildPhase section */
		C63EAEA22962E4B000AA9EF5 /* Sources */ = {
			isa = PBXSourcesBuildPhase;
			buildActionMask = 2147483647;
			files = (
				C63EAEAE2962E4B000AA9EF5 /* MainScreenViewController.swift in Sources */,
				C63EAEAA2962E4B000AA9EF5 /* AppDelegate.swift in Sources */,
				C63EAEAC2962E4B000AA9EF5 /* SceneDelegate.swift in Sources */,
				C63EAEBE2962EDE000AA9EF5 /* extension + UIButton.swift in Sources */,
				C6DDD2032968D88C00EC801E /* ExpandableHeaderView.swift in Sources */,
				C6DDD2012968D08800EC801E /* DataForDays.swift in Sources */,
				C6DDD1FE2968B42B00EC801E /* HollyDaysViewController.swift in Sources */,
			);
			runOnlyForDeploymentPostprocessing = 0;
		};
/* End PBXSourcesBuildPhase section */

/* Begin PBXVariantGroup section */
		C63EAEB42962E4B100AA9EF5 /* LaunchScreen.storyboard */ = {
			isa = PBXVariantGroup;
			children = (
				C63EAEB52962E4B100AA9EF5 /* Base */,
			);
			name = LaunchScreen.storyboard;
			sourceTree = "<group>";
		};
/* End PBXVariantGroup section */

/* Begin XCBuildConfiguration section */
		C63EAEB82962E4B100AA9EF5 /* Debug */ = {
			isa = XCBuildConfiguration;
			buildSettings = {
				ALWAYS_SEARCH_USER_PATHS = NO;
				CLANG_ANALYZER_NONNULL = YES;
				CLANG_ANALYZER_NUMBER_OBJECT_CONVERSION = YES_AGGRESSIVE;
				CLANG_CXX_LANGUAGE_STANDARD = "gnu++20";
				CLANG_ENABLE_MODULES = YES;
				CLANG_ENABLE_OBJC_ARC = YES;
				CLANG_ENABLE_OBJC_WEAK = YES;
				CLANG_WARN_BLOCK_CAPTURE_AUTORELEASING = YES;
				CLANG_WARN_BOOL_CONVERSION = YES;
				CLANG_WARN_COMMA = YES;
				CLANG_WARN_CONSTANT_CONVERSION = YES;
				CLANG_WARN_DEPRECATED_OBJC_IMPLEMENTATIONS = YES;
				CLANG_WARN_DIRECT_OBJC_ISA_USAGE = YES_ERROR;
				CLANG_WARN_DOCUMENTATION_COMMENTS = YES;
				CLANG_WARN_EMPTY_BODY = YES;
				CLANG_WARN_ENUM_CONVERSION = YES;
				CLANG_WARN_INFINITE_RECURSION = YES;
				CLANG_WARN_INT_CONVERSION = YES;
				CLANG_WARN_NON_LITERAL_NULL_CONVERSION = YES;
				CLANG_WARN_OBJC_IMPLICIT_RETAIN_SELF = YES;
				CLANG_WARN_OBJC_LITERAL_CONVERSION = YES;
				CLANG_WARN_OBJC_ROOT_CLASS = YES_ERROR;
				CLANG_WARN_QUOTED_INCLUDE_IN_FRAMEWORK_HEADER = YES;
				CLANG_WARN_RANGE_LOOP_ANALYSIS = YES;
				CLANG_WARN_STRICT_PROTOTYPES = YES;
				CLANG_WARN_SUSPICIOUS_MOVE = YES;
				CLANG_WARN_UNGUARDED_AVAILABILITY = YES_AGGRESSIVE;
				CLANG_WARN_UNREACHABLE_CODE = YES;
				CLANG_WARN__DUPLICATE_METHOD_MATCH = YES;
				COPY_PHASE_STRIP = NO;
				DEBUG_INFORMATION_FORMAT = dwarf;
				ENABLE_STRICT_OBJC_MSGSEND = YES;
				ENABLE_TESTABILITY = YES;
				GCC_C_LANGUAGE_STANDARD = gnu11;
				GCC_DYNAMIC_NO_PIC = NO;
				GCC_NO_COMMON_BLOCKS = YES;
				GCC_OPTIMIZATION_LEVEL = 0;
				GCC_PREPROCESSOR_DEFINITIONS = (
					"DEBUG=1",
					"$(inherited)",
				);
				GCC_WARN_64_TO_32_BIT_CONVERSION = YES;
				GCC_WARN_ABOUT_RETURN_TYPE = YES_ERROR;
				GCC_WARN_UNDECLARED_SELECTOR = YES;
				GCC_WARN_UNINITIALIZED_AUTOS = YES_AGGRESSIVE;
				GCC_WARN_UNUSED_FUNCTION = YES;
				GCC_WARN_UNUSED_VARIABLE = YES;
				IPHONEOS_DEPLOYMENT_TARGET = 16.0;
				MTL_ENABLE_DEBUG_INFO = INCLUDE_SOURCE;
				MTL_FAST_MATH = YES;
				ONLY_ACTIVE_ARCH = YES;
				SDKROOT = iphoneos;
				SWIFT_ACTIVE_COMPILATION_CONDITIONS = DEBUG;
				SWIFT_OPTIMIZATION_LEVEL = "-Onone";
			};
			name = Debug;
		};
		C63EAEB92962E4B100AA9EF5 /* Release */ = {
			isa = XCBuildConfiguration;
			buildSettings = {
				ALWAYS_SEARCH_USER_PATHS = NO;
				CLANG_ANALYZER_NONNULL = YES;
				CLANG_ANALYZER_NUMBER_OBJECT_CONVERSION = YES_AGGRESSIVE;
				CLANG_CXX_LANGUAGE_STANDARD = "gnu++20";
				CLANG_ENABLE_MODULES = YES;
				CLANG_ENABLE_OBJC_ARC = YES;
				CLANG_ENABLE_OBJC_WEAK = YES;
				CLANG_WARN_BLOCK_CAPTURE_AUTORELEASING = YES;
				CLANG_WARN_BOOL_CONVERSION = YES;
				CLANG_WARN_COMMA = YES;
				CLANG_WARN_CONSTANT_CONVERSION = YES;
				CLANG_WARN_DEPRECATED_OBJC_IMPLEMENTATIONS = YES;
				CLANG_WARN_DIRECT_OBJC_ISA_USAGE = YES_ERROR;
				CLANG_WARN_DOCUMENTATION_COMMENTS = YES;
				CLANG_WARN_EMPTY_BODY = YES;
				CLANG_WARN_ENUM_CONVERSION = YES;
				CLANG_WARN_INFINITE_RECURSION = YES;
				CLANG_WARN_INT_CONVERSION = YES;
				CLANG_WARN_NON_LITERAL_NULL_CONVERSION = YES;
				CLANG_WARN_OBJC_IMPLICIT_RETAIN_SELF = YES;
				CLANG_WARN_OBJC_LITERAL_CONVERSION = YES;
				CLANG_WARN_OBJC_ROOT_CLASS = YES_ERROR;
				CLANG_WARN_QUOTED_INCLUDE_IN_FRAMEWORK_HEADER = YES;
				CLANG_WARN_RANGE_LOOP_ANALYSIS = YES;
				CLANG_WARN_STRICT_PROTOTYPES = YES;
				CLANG_WARN_SUSPICIOUS_MOVE = YES;
				CLANG_WARN_UNGUARDED_AVAILABILITY = YES_AGGRESSIVE;
				CLANG_WARN_UNREACHABLE_CODE = YES;
				CLANG_WARN__DUPLICATE_METHOD_MATCH = YES;
				COPY_PHASE_STRIP = NO;
				DEBUG_INFORMATION_FORMAT = "dwarf-with-dsym";
				ENABLE_NS_ASSERTIONS = NO;
				ENABLE_STRICT_OBJC_MSGSEND = YES;
				GCC_C_LANGUAGE_STANDARD = gnu11;
				GCC_NO_COMMON_BLOCKS = YES;
				GCC_WARN_64_TO_32_BIT_CONVERSION = YES;
				GCC_WARN_ABOUT_RETURN_TYPE = YES_ERROR;
				GCC_WARN_UNDECLARED_SELECTOR = YES;
				GCC_WARN_UNINITIALIZED_AUTOS = YES_AGGRESSIVE;
				GCC_WARN_UNUSED_FUNCTION = YES;
				GCC_WARN_UNUSED_VARIABLE = YES;
				IPHONEOS_DEPLOYMENT_TARGET = 16.0;
				MTL_ENABLE_DEBUG_INFO = NO;
				MTL_FAST_MATH = YES;
				SDKROOT = iphoneos;
				SWIFT_COMPILATION_MODE = wholemodule;
				SWIFT_OPTIMIZATION_LEVEL = "-O";
				VALIDATE_PRODUCT = YES;
			};
			name = Release;
		};
		C63EAEBB2962E4B100AA9EF5 /* Debug */ = {
			isa = XCBuildConfiguration;
			buildSettings = {
				ASSETCATALOG_COMPILER_APPICON_NAME = AppIcon;
				ASSETCATALOG_COMPILER_GLOBAL_ACCENT_COLOR_NAME = AccentColor;
				CODE_SIGN_STYLE = Automatic;
				CURRENT_PROJECT_VERSION = 1;
				DEVELOPMENT_TEAM = W8F9Y7MUHM;
				GENERATE_INFOPLIST_FILE = YES;
				INFOPLIST_FILE = HollyApp/Info.plist;
				INFOPLIST_KEY_UIApplicationSupportsIndirectInputEvents = YES;
				INFOPLIST_KEY_UILaunchStoryboardName = LaunchScreen;
				INFOPLIST_KEY_UISupportedInterfaceOrientations_iPad = "UIInterfaceOrientationPortrait UIInterfaceOrientationPortraitUpsideDown UIInterfaceOrientationLandscapeLeft UIInterfaceOrientationLandscapeRight";
				INFOPLIST_KEY_UISupportedInterfaceOrientations_iPhone = "UIInterfaceOrientationPortrait UIInterfaceOrientationLandscapeLeft UIInterfaceOrientationLandscapeRight";
				LD_RUNPATH_SEARCH_PATHS = (
					"$(inherited)",
					"@executable_path/Frameworks",
				);
				MARKETING_VERSION = 1.0;
				PRODUCT_BUNDLE_IDENTIFIER = "Nikita-Kuryumov.HollyApp";
				PRODUCT_NAME = "$(TARGET_NAME)";
				SUPPORTED_PLATFORMS = "iphoneos iphonesimulator";
				SUPPORTS_MACCATALYST = NO;
				SUPPORTS_MAC_DESIGNED_FOR_IPHONE_IPAD = NO;
				SWIFT_EMIT_LOC_STRINGS = YES;
				SWIFT_VERSION = 5.0;
				TARGETED_DEVICE_FAMILY = "1,2";
			};
			name = Debug;
		};
		C63EAEBC2962E4B100AA9EF5 /* Release */ = {
			isa = XCBuildConfiguration;
			buildSettings = {
				ASSETCATALOG_COMPILER_APPICON_NAME = AppIcon;
				ASSETCATALOG_COMPILER_GLOBAL_ACCENT_COLOR_NAME = AccentColor;
				CODE_SIGN_STYLE = Automatic;
				CURRENT_PROJECT_VERSION = 1;
				DEVELOPMENT_TEAM = W8F9Y7MUHM;
				GENERATE_INFOPLIST_FILE = YES;
				INFOPLIST_FILE = HollyApp/Info.plist;
				INFOPLIST_KEY_UIApplicationSupportsIndirectInputEvents = YES;
				INFOPLIST_KEY_UILaunchStoryboardName = LaunchScreen;
				INFOPLIST_KEY_UISupportedInterfaceOrientations_iPad = "UIInterfaceOrientationPortrait UIInterfaceOrientationPortraitUpsideDown UIInterfaceOrientationLandscapeLeft UIInterfaceOrientationLandscapeRight";
				INFOPLIST_KEY_UISupportedInterfaceOrientations_iPhone = "UIInterfaceOrientationPortrait UIInterfaceOrientationLandscapeLeft UIInterfaceOrientationLandscapeRight";
				LD_RUNPATH_SEARCH_PATHS = (
					"$(inherited)",
					"@executable_path/Frameworks",
				);
				MARKETING_VERSION = 1.0;
				PRODUCT_BUNDLE_IDENTIFIER = "Nikita-Kuryumov.HollyApp";
				PRODUCT_NAME = "$(TARGET_NAME)";
				SUPPORTED_PLATFORMS = "iphoneos iphonesimulator";
				SUPPORTS_MACCATALYST = NO;
				SUPPORTS_MAC_DESIGNED_FOR_IPHONE_IPAD = NO;
				SWIFT_EMIT_LOC_STRINGS = YES;
				SWIFT_VERSION = 5.0;
				TARGETED_DEVICE_FAMILY = "1,2";
			};
			name = Release;
		};
/* End XCBuildConfiguration section */

/* Begin XCConfigurationList section */
		C63EAEA12962E4B000AA9EF5 /* Build configuration list for PBXProject "HollyApp" */ = {
			isa = XCConfigurationList;
			buildConfigurations = (
				C63EAEB82962E4B100AA9EF5 /* Debug */,
				C63EAEB92962E4B100AA9EF5 /* Release */,
			);
			defaultConfigurationIsVisible = 0;
			defaultConfigurationName = Release;
		};
		C63EAEBA2962E4B100AA9EF5 /* Build configuration list for PBXNativeTarget "HollyApp" */ = {
			isa = XCConfigurationList;
			buildConfigurations = (
				C63EAEBB2962E4B100AA9EF5 /* Debug */,
				C63EAEBC2962E4B100AA9EF5 /* Release */,
			);
			defaultConfigurationIsVisible = 0;
			defaultConfigurationName = Release;
		};
/* End XCConfigurationList section */

/* Begin XCRemoteSwiftPackageReference section */
		C63EAEC029630E4200AA9EF5 /* XCRemoteSwiftPackageReference "SpringAnimation" */ = {
			isa = XCRemoteSwiftPackageReference;
			repositoryURL = "https://github.com/LexDeBash/SpringAnimation";
			requirement = {
				branch = main;
				kind = branch;
			};
		};
/* End XCRemoteSwiftPackageReference section */

/* Begin XCSwiftPackageProductDependency section */
		C63EAEC129630E4200AA9EF5 /* SpringAnimation */ = {
			isa = XCSwiftPackageProductDependency;
			package = C63EAEC029630E4200AA9EF5 /* XCRemoteSwiftPackageReference "SpringAnimation" */;
			productName = SpringAnimation;
		};
/* End XCSwiftPackageProductDependency section */
	};
	rootObject = C63EAE9E2962E4B000AA9EF5 /* Project object */;
}
